DEPENDENCIES
  apt
  minitest-handler
  smartstack
    path: .
    metadata: true

GRAPH
  apt (7.1.1)
  chef_handler (3.0.3)
  homebrew (5.0.8)
  java (3.2.1)
    homebrew (>= 0.0.0)
    windows (>= 0.0.0)
  minitest-handler (1.5.1)
    chef_handler (>= 0.0.0)
  packagecloud (1.0.1)
  runit (5.0.1)
    packagecloud (>= 0.0.0)
    yum-epel (>= 0.0.0)
  smartstack (0.6.2)
    java (>= 0.0.0)
    runit (>= 1.1.0)
  windows (5.3.0)
  yum-epel (3.3.0)
